
Microsoft Visual Studio Solution File, Format Version 12.00
# Visual Studio Version 17
VisualStudioVersion = 17.4.32804.182
MinimumVisualStudioVersion = 10.0.40219.1
Project("{FAE04EC0-301F-11D3-BF4B-00C04F79EFBC}") = "BlazorSignalRTest", "BlazorSignalRTest\BlazorSignalRTest.csproj", "{2E28878C-8FD6-4C68-B356-38D0868DA93E}"
EndProject
Global
	GlobalSection(SolutionConfigurationPlatforms) = preSolution
		Debug|Any CPU = Debug|Any CPU
		Release|Any CPU = Release|Any CPU
	EndGlobalSection
	GlobalSection(ProjectConfigurationPlatforms) = postSolution
		{2E28878C-8FD6-4C68-B356-38D0868DA93E}.Debug|Any CPU.ActiveCfg = Debug|Any CPU
		{2E28878C-8FD6-4C68-B356-38D0868DA93E}.Debug|Any CPU.Build.0 = Debug|Any CPU
		{2E28878C-8FD6-4C68-B356-38D0868DA93E}.Release|Any CPU.ActiveCfg = Release|Any CPU
		{2E28878C-8FD6-4C68-B356-38D0868DA93E}.Release|Any CPU.Build.0 = Release|Any CPU
	EndGlobalSection
	GlobalSection(SolutionProperties) = preSolution
		HideSolutionNode = FALSE
	EndGlobalSection
	GlobalSection(ExtensibilityGlobals) = postSolution
		SolutionGuid = {F553A529-C30B-40AE-8480-B594E8E3CA48}
	EndGlobalSection
EndGlobal
